
Microsoft Visual Studio Solution File, Format Version 12.00
# Visual Studio Version 17
VisualStudioVersion = 17.8.34511.84
MinimumVisualStudioVersion = 10.0.40219.1
Project("{FAE04EC0-301F-11D3-BF4B-00C04F79EFBC}") = "Mission6_Kang", "Mission6_Kang\Mission6_Kang.csproj", "{4FD52B4B-1BB1-4419-86F9-8F018B02542F}"
EndProject
Global
	GlobalSection(SolutionConfigurationPlatforms) = preSolution
		Debug|Any CPU = Debug|Any CPU
		Release|Any CPU = Release|Any CPU
	EndGlobalSection
	GlobalSection(ProjectConfigurationPlatforms) = postSolution
		{4FD52B4B-1BB1-4419-86F9-8F018B02542F}.Debug|Any CPU.ActiveCfg = Debug|Any CPU
		{4FD52B4B-1BB1-4419-86F9-8F018B02542F}.Debug|Any CPU.Build.0 = Debug|Any CPU
		{4FD52B4B-1BB1-4419-86F9-8F018B02542F}.Release|Any CPU.ActiveCfg = Release|Any CPU
		{4FD52B4B-1BB1-4419-86F9-8F018B02542F}.Release|Any CPU.Build.0 = Release|Any CPU
	EndGlobalSection
	GlobalSection(SolutionProperties) = preSolution
		HideSolutionNode = FALSE
	EndGlobalSection
	GlobalSection(ExtensibilityGlobals) = postSolution
		SolutionGuid = {49D60835-69EA-4886-9F47-10E668467187}
	EndGlobalSection
EndGlobal
